// !$*UTF8*$!
{
	archiveVersion = 1;
	classes = {
	};
	objectVersion = 77;
	objects = {

/* Begin PBXBuildFile section */
		0043DA762B7BF6BEFE4E907E /* AudioEngineController.swift in Sources */ = {isa = PBXBuildFile; fileRef = 0EDFC191063756D8045A9C1B /* AudioEngineController.swift */; };
		0588F70838F1A7057884FCDB /* AppTheme.swift in Sources */ = {isa = PBXBuildFile; fileRef = 2E7EC3C0226FC381F08A733A /* AppTheme.swift */; };
		0C0650202B5BD5FF04F02753 /* SampleLibraryStoreTests.swift in Sources */ = {isa = PBXBuildFile; fileRef = B1F52CA9FA3B44C926E4D376 /* SampleLibraryStoreTests.swift */; };
		1355A197D5EA3EF6BB3DC64A /* Assets.xcassets in Resources */ = {isa = PBXBuildFile; fileRef = 302146260DB65D90D2574B56 /* Assets.xcassets */; };
		14B0861DBEC2BD9BC9BEABA0 /* MIDIUtilities.swift in Sources */ = {isa = PBXBuildFile; fileRef = 5CF112368FAD4E3F5610438F /* MIDIUtilities.swift */; };
		14E45EC104D50451AA3C8267 /* InstrumentRouter.swift in Sources */ = {isa = PBXBuildFile; fileRef = 466A57B18C3B6F06312D99A5 /* InstrumentRouter.swift */; };
		14E60F3311B69A847E3A3AFB /* LibraryView.swift in Sources */ = {isa = PBXBuildFile; fileRef = D9E954A3C1500ADE6C3AB28A /* LibraryView.swift */; };
		169159DB1C3CB119CD336F32 /* MIDIEventDecoder.swift in Sources */ = {isa = PBXBuildFile; fileRef = 8C87412E197E75CEA04EE67A /* MIDIEventDecoder.swift */; };
		2FC8136E6349FB601B521633 /* PerformView.swift in Sources */ = {isa = PBXBuildFile; fileRef = 22AD8704256593E9E8E46F92 /* PerformView.swift */; };
		320700CEF821D8ADE248C985 /* CreateSampleView.swift in Sources */ = {isa = PBXBuildFile; fileRef = E9F91C1F606999D6794745BA /* CreateSampleView.swift */; };
		3A188C6BADC1F5B0A78D5ADC /* synth_pad.wav in Resources */ = {isa = PBXBuildFile; fileRef = 9212A1CA3F38FE3B179A7D40 /* synth_pad.wav */; };
		4257593BC77FF722F5FAC430 /* MIDIService.swift in Sources */ = {isa = PBXBuildFile; fileRef = 4890A61E78069E00FEDF1506 /* MIDIService.swift */; };
		4A76BB36E9839EFF45A1077D /* synth_lead.wav in Resources */ = {isa = PBXBuildFile; fileRef = 28C976A87DC8E9283316C611 /* synth_lead.wav */; };
		4FD477DF63B2B123F582CD53 /* MIDIEventDecoderTests.swift in Sources */ = {isa = PBXBuildFile; fileRef = 347D6D817321098A95CAB8DE /* MIDIEventDecoderTests.swift */; };
		54F317C4FF763652C7610C81 /* piano.wav in Resources */ = {isa = PBXBuildFile; fileRef = 45BBF4C945049797E9E27D7E /* piano.wav */; };
		59954866E627700FE61171D9 /* SampleRecorder.swift in Sources */ = {isa = PBXBuildFile; fileRef = 477353484F8DBCB63692F509 /* SampleRecorder.swift */; };
		61F448B8CC0676C0B8C8F39F /* GeneralUser-GS.sf2 in Resources */ = {isa = PBXBuildFile; fileRef = F6DCFBDDFC437C4C0BEF3646 /* GeneralUser-GS.sf2 */; };
		786D0F41ECC90F126FCC738B /* SampleLibraryStore.swift in Sources */ = {isa = PBXBuildFile; fileRef = D51F55C5B73568FE21B4AE97 /* SampleLibraryStore.swift */; };
		7E52973C338B4A1F1FE4BBB6 /* organ.wav in Resources */ = {isa = PBXBuildFile; fileRef = 9442D13DE3DBCA5C9600FB0D /* organ.wav */; };
		8207145A5616151D634392E8 /* InstrumentKind.swift in Sources */ = {isa = PBXBuildFile; fileRef = ECC204971A0FDF0909CB129C /* InstrumentKind.swift */; };
		8268D6AE458DB5A4D48EF10D /* UserSampleVoicePool.swift in Sources */ = {isa = PBXBuildFile; fileRef = 4FD00D1B09955EAF5C792036 /* UserSampleVoicePool.swift */; };
		96BD4C393938F2E4BC4184C7 /* ContentView.swift in Sources */ = {isa = PBXBuildFile; fileRef = 6249C4EE067B13242E99AA9B /* ContentView.swift */; };
		A27B1C6FF0F32698B96E58BE /* CustomSoundBankApp.swift in Sources */ = {isa = PBXBuildFile; fileRef = 550839458455FDB3D75D4104 /* CustomSoundBankApp.swift */; };
		A61BEC09C29697F11374D504 /* AppModel.swift in Sources */ = {isa = PBXBuildFile; fileRef = 7EE3F5B77B79F6B7AC0F1C84 /* AppModel.swift */; };
		C7B87F78039F624761EB9A3F /* AppSettings.swift in Sources */ = {isa = PBXBuildFile; fileRef = 9A87B78AD822AFC1BC8113FE /* AppSettings.swift */; };
		C89728A289BE391DA5DCB44F /* musicbox.wav in Resources */ = {isa = PBXBuildFile; fileRef = 10894BCF9A1225221BBA6FEA /* musicbox.wav */; };
		E55AC4E119237A17511B8151 /* BundledInstrumentSampler.swift in Sources */ = {isa = PBXBuildFile; fileRef = 73D8C865B7A9216E000D07F7 /* BundledInstrumentSampler.swift */; };
		E85AC5113A8F0F06AE7284E2 /* strings.wav in Resources */ = {isa = PBXBuildFile; fileRef = F9A8C584B471D6B7D4425942 /* strings.wav */; };
/* End PBXBuildFile section */

/* Begin PBXContainerItemProxy section */
		67E9897F239A74B35F70AE80 /* PBXContainerItemProxy */ = {
			isa = PBXContainerItemProxy;
			containerPortal = 1E34EEAFBF3219B2DB0CD0C7 /* Project object */;
			proxyType = 1;
			remoteGlobalIDString = CD61BEB15659A5BCB6E2F4F3;
			remoteInfo = CustomSoundBank;
		};
/* End PBXContainerItemProxy section */

/* Begin PBXFileReference section */
		0EDFC191063756D8045A9C1B /* AudioEngineController.swift */ = {isa = PBXFileReference; lastKnownFileType = sourcecode.swift; path = AudioEngineController.swift; sourceTree = "<group>"; };
		10894BCF9A1225221BBA6FEA /* musicbox.wav */ = {isa = PBXFileReference; lastKnownFileType = audio.wav; path = musicbox.wav; sourceTree = "<group>"; };
		22AD8704256593E9E8E46F92 /* PerformView.swift */ = {isa = PBXFileReference; lastKnownFileType = sourcecode.swift; path = PerformView.swift; sourceTree = "<group>"; };
		28C976A87DC8E9283316C611 /* synth_lead.wav */ = {isa = PBXFileReference; lastKnownFileType = audio.wav; path = synth_lead.wav; sourceTree = "<group>"; };
		2E7EC3C0226FC381F08A733A /* AppTheme.swift */ = {isa = PBXFileReference; lastKnownFileType = sourcecode.swift; path = AppTheme.swift; sourceTree = "<group>"; };
		302146260DB65D90D2574B56 /* Assets.xcassets */ = {isa = PBXFileReference; lastKnownFileType = folder.assetcatalog; path = Assets.xcassets; sourceTree = "<group>"; };
		347D6D817321098A95CAB8DE /* MIDIEventDecoderTests.swift */ = {isa = PBXFileReference; lastKnownFileType = sourcecode.swift; path = MIDIEventDecoderTests.swift; sourceTree = "<group>"; };
		45BBF4C945049797E9E27D7E /* piano.wav */ = {isa = PBXFileReference; lastKnownFileType = audio.wav; path = piano.wav; sourceTree = "<group>"; };
		45D54E4CE94F7FCF25B4C2E6 /* CustomSoundBankTests.xctest */ = {isa = PBXFileReference; includeInIndex = 0; lastKnownFileType = wrapper.cfbundle; path = CustomSoundBankTests.xctest; sourceTree = BUILT_PRODUCTS_DIR; };
		466A57B18C3B6F06312D99A5 /* InstrumentRouter.swift */ = {isa = PBXFileReference; lastKnownFileType = sourcecode.swift; path = InstrumentRouter.swift; sourceTree = "<group>"; };
		477353484F8DBCB63692F509 /* SampleRecorder.swift */ = {isa = PBXFileReference; lastKnownFileType = sourcecode.swift; path = SampleRecorder.swift; sourceTree = "<group>"; };
		4890A61E78069E00FEDF1506 /* MIDIService.swift */ = {isa = PBXFileReference; lastKnownFileType = sourcecode.swift; path = MIDIService.swift; sourceTree = "<group>"; };
		4FD00D1B09955EAF5C792036 /* UserSampleVoicePool.swift */ = {isa = PBXFileReference; lastKnownFileType = sourcecode.swift; path = UserSampleVoicePool.swift; sourceTree = "<group>"; };
		550839458455FDB3D75D4104 /* CustomSoundBankApp.swift */ = {isa = PBXFileReference; lastKnownFileType = sourcecode.swift; path = CustomSoundBankApp.swift; sourceTree = "<group>"; };
		5CF112368FAD4E3F5610438F /* MIDIUtilities.swift */ = {isa = PBXFileReference; lastKnownFileType = sourcecode.swift; path = MIDIUtilities.swift; sourceTree = "<group>"; };
		6249C4EE067B13242E99AA9B /* ContentView.swift */ = {isa = PBXFileReference; lastKnownFileType = sourcecode.swift; path = ContentView.swift; sourceTree = "<group>"; };
		73D8C865B7A9216E000D07F7 /* BundledInstrumentSampler.swift */ = {isa = PBXFileReference; lastKnownFileType = sourcecode.swift; path = BundledInstrumentSampler.swift; sourceTree = "<group>"; };
		7EE3F5B77B79F6B7AC0F1C84 /* AppModel.swift */ = {isa = PBXFileReference; lastKnownFileType = sourcecode.swift; path = AppModel.swift; sourceTree = "<group>"; };
		8C87412E197E75CEA04EE67A /* MIDIEventDecoder.swift */ = {isa = PBXFileReference; lastKnownFileType = sourcecode.swift; path = MIDIEventDecoder.swift; sourceTree = "<group>"; };
		9212A1CA3F38FE3B179A7D40 /* synth_pad.wav */ = {isa = PBXFileReference; lastKnownFileType = audio.wav; path = synth_pad.wav; sourceTree = "<group>"; };
		9442D13DE3DBCA5C9600FB0D /* organ.wav */ = {isa = PBXFileReference; lastKnownFileType = audio.wav; path = organ.wav; sourceTree = "<group>"; };
		9A87B78AD822AFC1BC8113FE /* AppSettings.swift */ = {isa = PBXFileReference; lastKnownFileType = sourcecode.swift; path = AppSettings.swift; sourceTree = "<group>"; };
		B1F52CA9FA3B44C926E4D376 /* SampleLibraryStoreTests.swift */ = {isa = PBXFileReference; lastKnownFileType = sourcecode.swift; path = SampleLibraryStoreTests.swift; sourceTree = "<group>"; };
		D51F55C5B73568FE21B4AE97 /* SampleLibraryStore.swift */ = {isa = PBXFileReference; lastKnownFileType = sourcecode.swift; path = SampleLibraryStore.swift; sourceTree = "<group>"; };
		D9E954A3C1500ADE6C3AB28A /* LibraryView.swift */ = {isa = PBXFileReference; lastKnownFileType = sourcecode.swift; path = LibraryView.swift; sourceTree = "<group>"; };
		DB48C2AA160E143A31A30EE3 /* CustomSoundBank.app */ = {isa = PBXFileReference; includeInIndex = 0; lastKnownFileType = wrapper.application; path = CustomSoundBank.app; sourceTree = BUILT_PRODUCTS_DIR; };
		E9F91C1F606999D6794745BA /* CreateSampleView.swift */ = {isa = PBXFileReference; lastKnownFileType = sourcecode.swift; path = CreateSampleView.swift; sourceTree = "<group>"; };
		ECC204971A0FDF0909CB129C /* InstrumentKind.swift */ = {isa = PBXFileReference; lastKnownFileType = sourcecode.swift; path = InstrumentKind.swift; sourceTree = "<group>"; };
		F6DCFBDDFC437C4C0BEF3646 /* GeneralUser-GS.sf2 */ = {isa = PBXFileReference; path = "GeneralUser-GS.sf2"; sourceTree = "<group>"; };
		F9A8C584B471D6B7D4425942 /* strings.wav */ = {isa = PBXFileReference; lastKnownFileType = audio.wav; path = strings.wav; sourceTree = "<group>"; };
/* End PBXFileReference section */

/* Begin PBXGroup section */
		00848EA7C40BC1BE17EED85B /* MIDI */ = {
			isa = PBXGroup;
			children = (
				8C87412E197E75CEA04EE67A /* MIDIEventDecoder.swift */,
				4890A61E78069E00FEDF1506 /* MIDIService.swift */,
			);
			path = MIDI;
			sourceTree = "<group>";
		};
		1205C0F7F5C27856F8684287 /* CustomSoundBankTests */ = {
			isa = PBXGroup;
			children = (
				347D6D817321098A95CAB8DE /* MIDIEventDecoderTests.swift */,
				B1F52CA9FA3B44C926E4D376 /* SampleLibraryStoreTests.swift */,
			);
			path = CustomSoundBankTests;
			sourceTree = "<group>";
		};
		232AEA886350A09655078639 /* Audio */ = {
			isa = PBXGroup;
			children = (
				0EDFC191063756D8045A9C1B /* AudioEngineController.swift */,
			);
			path = Audio;
			sourceTree = "<group>";
		};
		2EBCD9E7F742C417A5223444 /* CreateSample */ = {
			isa = PBXGroup;
			children = (
				E9F91C1F606999D6794745BA /* CreateSampleView.swift */,
			);
			path = CreateSample;
			sourceTree = "<group>";
		};
		4994B600893D0911A08B7B07 /* Storage */ = {
			isa = PBXGroup;
			children = (
				D51F55C5B73568FE21B4AE97 /* SampleLibraryStore.swift */,
			);
			path = Storage;
			sourceTree = "<group>";
		};
		4C4444E41BF24F6FD2CD1635 /* Products */ = {
			isa = PBXGroup;
			children = (
				DB48C2AA160E143A31A30EE3 /* CustomSoundBank.app */,
				45D54E4CE94F7FCF25B4C2E6 /* CustomSoundBankTests.xctest */,
			);
			name = Products;
			sourceTree = "<group>";
		};
		76A5A662B3862161C3E2DC20 /* Features */ = {
			isa = PBXGroup;
			children = (
				2EBCD9E7F742C417A5223444 /* CreateSample */,
				FC8FC2FAAD24F6E86410C38D /* Library */,
				ECC4363EDC4426E4245E3845 /* Perform */,
				9B78870456B60F98A67A96C3 /* Shared */,
			);
			path = Features;
			sourceTree = "<group>";
		};
		76B71CB7B882DC3616F7A799 /* SoundBanks */ = {
			isa = PBXGroup;
			children = (
				F6DCFBDDFC437C4C0BEF3646 /* GeneralUser-GS.sf2 */,
				10894BCF9A1225221BBA6FEA /* musicbox.wav */,
				9442D13DE3DBCA5C9600FB0D /* organ.wav */,
				45BBF4C945049797E9E27D7E /* piano.wav */,
				F9A8C584B471D6B7D4425942 /* strings.wav */,
				28C976A87DC8E9283316C611 /* synth_lead.wav */,
				9212A1CA3F38FE3B179A7D40 /* synth_pad.wav */,
			);
			path = SoundBanks;
			sourceTree = "<group>";
		};
		7D7D43BB0CB355866B296F37 /* Models */ = {
			isa = PBXGroup;
			children = (
				9A87B78AD822AFC1BC8113FE /* AppSettings.swift */,
				ECC204971A0FDF0909CB129C /* InstrumentKind.swift */,
				5CF112368FAD4E3F5610438F /* MIDIUtilities.swift */,
			);
			path = Models;
			sourceTree = "<group>";
		};
		8155B08A55A5E24BBC9A34DC /* Recording */ = {
			isa = PBXGroup;
			children = (
				477353484F8DBCB63692F509 /* SampleRecorder.swift */,
			);
			path = Recording;
			sourceTree = "<group>";
		};
		9B78870456B60F98A67A96C3 /* Shared */ = {
			isa = PBXGroup;
			children = (
				2E7EC3C0226FC381F08A733A /* AppTheme.swift */,
			);
			path = Shared;
			sourceTree = "<group>";
		};
		C73E79D140D6631C48AB87B7 /* Instruments */ = {
			isa = PBXGroup;
			children = (
				73D8C865B7A9216E000D07F7 /* BundledInstrumentSampler.swift */,
				466A57B18C3B6F06312D99A5 /* InstrumentRouter.swift */,
				4FD00D1B09955EAF5C792036 /* UserSampleVoicePool.swift */,
			);
			path = Instruments;
			sourceTree = "<group>";
		};
		D433DAABF039455FEDC8E00D = {
			isa = PBXGroup;
			children = (
				F0982DE1EC7658B4E16E04F2 /* CustomSoundBank */,
				1205C0F7F5C27856F8684287 /* CustomSoundBankTests */,
				4C4444E41BF24F6FD2CD1635 /* Products */,
			);
			sourceTree = "<group>";
		};
		E7744CE818213EEE9CB81501 /* Resources */ = {
			isa = PBXGroup;
			children = (
				76B71CB7B882DC3616F7A799 /* SoundBanks */,
			);
			path = Resources;
			sourceTree = "<group>";
		};
		ECC4363EDC4426E4245E3845 /* Perform */ = {
			isa = PBXGroup;
			children = (
				22AD8704256593E9E8E46F92 /* PerformView.swift */,
			);
			path = Perform;
			sourceTree = "<group>";
		};
		F0982DE1EC7658B4E16E04F2 /* CustomSoundBank */ = {
			isa = PBXGroup;
			children = (
				7EE3F5B77B79F6B7AC0F1C84 /* AppModel.swift */,
				302146260DB65D90D2574B56 /* Assets.xcassets */,
				6249C4EE067B13242E99AA9B /* ContentView.swift */,
				550839458455FDB3D75D4104 /* CustomSoundBankApp.swift */,
				232AEA886350A09655078639 /* Audio */,
				76A5A662B3862161C3E2DC20 /* Features */,
				C73E79D140D6631C48AB87B7 /* Instruments */,
				00848EA7C40BC1BE17EED85B /* MIDI */,
				7D7D43BB0CB355866B296F37 /* Models */,
				8155B08A55A5E24BBC9A34DC /* Recording */,
				E7744CE818213EEE9CB81501 /* Resources */,
				4994B600893D0911A08B7B07 /* Storage */,
			);
			path = CustomSoundBank;
			sourceTree = "<group>";
		};
		FC8FC2FAAD24F6E86410C38D /* Library */ = {
			isa = PBXGroup;
			children = (
				D9E954A3C1500ADE6C3AB28A /* LibraryView.swift */,
			);
			path = Library;
			sourceTree = "<group>";
		};
/* End PBXGroup section */

/* Begin PBXNativeTarget section */
		80CE2E24C35396628BB7006A /* CustomSoundBankTests */ = {
			isa = PBXNativeTarget;
			buildConfigurationList = 950242BC96B0EEEF341D20AC /* Build configuration list for PBXNativeTarget "CustomSoundBankTests" */;
			buildPhases = (
				ECC3333ECEE3EA30EDA6D58C /* Sources */,
			);
			buildRules = (
			);
			dependencies = (
				AFE61E7AD76785FD69E10FB8 /* PBXTargetDependency */,
			);
			name = CustomSoundBankTests;
			packageProductDependencies = (
			);
			productName = CustomSoundBankTests;
			productReference = 45D54E4CE94F7FCF25B4C2E6 /* CustomSoundBankTests.xctest */;
			productType = "com.apple.product-type.bundle.unit-test";
		};
		CD61BEB15659A5BCB6E2F4F3 /* CustomSoundBank */ = {
			isa = PBXNativeTarget;
			buildConfigurationList = 02CCB14505EB1BFD93A2588A /* Build configuration list for PBXNativeTarget "CustomSoundBank" */;
			buildPhases = (
				BE335256B55E70704470E820 /* Sources */,
				F6CBCE83B3C31733E46C96FC /* Resources */,
			);
			buildRules = (
			);
			dependencies = (
			);
			name = CustomSoundBank;
			packageProductDependencies = (
			);
			productName = CustomSoundBank;
			productReference = DB48C2AA160E143A31A30EE3 /* CustomSoundBank.app */;
			productType = "com.apple.product-type.application";
		};
/* End PBXNativeTarget section */

/* Begin PBXProject section */
		1E34EEAFBF3219B2DB0CD0C7 /* Project object */ = {
			isa = PBXProject;
			attributes = {
				BuildIndependentTargetsInParallel = YES;
				LastUpgradeCheck = 1430;
				TargetAttributes = {
					80CE2E24C35396628BB7006A = {
						DevelopmentTeam = 75R8BQ422C;
						ProvisioningStyle = Automatic;
					};
					CD61BEB15659A5BCB6E2F4F3 = {
						DevelopmentTeam = 75R8BQ422C;
						ProvisioningStyle = Automatic;
					};
				};
			};
			buildConfigurationList = 801BEA1943E04085FA1FB644 /* Build configuration list for PBXProject "CustomSoundBank" */;
			developmentRegion = en;
			hasScannedForEncodings = 0;
			knownRegions = (
				Base,
				en,
			);
			mainGroup = D433DAABF039455FEDC8E00D;
			minimizedProjectReferenceProxies = 1;
			preferredProjectObjectVersion = 77;
			productRefGroup = 4C4444E41BF24F6FD2CD1635 /* Products */;
			projectDirPath = "";
			projectRoot = "";
			targets = (
				CD61BEB15659A5BCB6E2F4F3 /* CustomSoundBank */,
				80CE2E24C35396628BB7006A /* CustomSoundBankTests */,
			);
		};
/* End PBXProject section */

/* Begin PBXResourcesBuildPhase section */
		F6CBCE83B3C31733E46C96FC /* Resources */ = {
			isa = PBXResourcesBuildPhase;
			buildActionMask = 2147483647;
			files = (
				1355A197D5EA3EF6BB3DC64A /* Assets.xcassets in Resources */,
				61F448B8CC0676C0B8C8F39F /* GeneralUser-GS.sf2 in Resources */,
				C89728A289BE391DA5DCB44F /* musicbox.wav in Resources */,
				7E52973C338B4A1F1FE4BBB6 /* organ.wav in Resources */,
				54F317C4FF763652C7610C81 /* piano.wav in Resources */,
				E85AC5113A8F0F06AE7284E2 /* strings.wav in Resources */,
				4A76BB36E9839EFF45A1077D /* synth_lead.wav in Resources */,
				3A188C6BADC1F5B0A78D5ADC /* synth_pad.wav in Resources */,
			);
			runOnlyForDeploymentPostprocessing = 0;
		};
/* End PBXResourcesBuildPhase section */

/* Begin PBXSourcesBuildPhase section */
		BE335256B55E70704470E820 /* Sources */ = {
			isa = PBXSourcesBuildPhase;
			buildActionMask = 2147483647;
			files = (
				A61BEC09C29697F11374D504 /* AppModel.swift in Sources */,
				C7B87F78039F624761EB9A3F /* AppSettings.swift in Sources */,
				0588F70838F1A7057884FCDB /* AppTheme.swift in Sources */,
				0043DA762B7BF6BEFE4E907E /* AudioEngineController.swift in Sources */,
				E55AC4E119237A17511B8151 /* BundledInstrumentSampler.swift in Sources */,
				96BD4C393938F2E4BC4184C7 /* ContentView.swift in Sources */,
				320700CEF821D8ADE248C985 /* CreateSampleView.swift in Sources */,
				A27B1C6FF0F32698B96E58BE /* CustomSoundBankApp.swift in Sources */,
				8207145A5616151D634392E8 /* InstrumentKind.swift in Sources */,
				14E45EC104D50451AA3C8267 /* InstrumentRouter.swift in Sources */,
				14E60F3311B69A847E3A3AFB /* LibraryView.swift in Sources */,
				169159DB1C3CB119CD336F32 /* MIDIEventDecoder.swift in Sources */,
				4257593BC77FF722F5FAC430 /* MIDIService.swift in Sources */,
				14B0861DBEC2BD9BC9BEABA0 /* MIDIUtilities.swift in Sources */,
				2FC8136E6349FB601B521633 /* PerformView.swift in Sources */,
				786D0F41ECC90F126FCC738B /* SampleLibraryStore.swift in Sources */,
				59954866E627700FE61171D9 /* SampleRecorder.swift in Sources */,
				8268D6AE458DB5A4D48EF10D /* UserSampleVoicePool.swift in Sources */,
			);
			runOnlyForDeploymentPostprocessing = 0;
		};
		ECC3333ECEE3EA30EDA6D58C /* Sources */ = {
			isa = PBXSourcesBuildPhase;
			buildActionMask = 2147483647;
			files = (
				4FD477DF63B2B123F582CD53 /* MIDIEventDecoderTests.swift in Sources */,
				0C0650202B5BD5FF04F02753 /* SampleLibraryStoreTests.swift in Sources */,
			);
			runOnlyForDeploymentPostprocessing = 0;
		};
/* End PBXSourcesBuildPhase section */

/* Begin PBXTargetDependency section */
		AFE61E7AD76785FD69E10FB8 /* PBXTargetDependency */ = {
			isa = PBXTargetDependency;
			target = CD61BEB15659A5BCB6E2F4F3 /* CustomSoundBank */;
			targetProxy = 67E9897F239A74B35F70AE80 /* PBXContainerItemProxy */;
		};
/* End PBXTargetDependency section */

/* Begin XCBuildConfiguration section */
		2991A036B6C53E0F190B3090 /* Release */ = {
			isa = XCBuildConfiguration;
			buildSettings = {
				BUNDLE_LOADER = "$(TEST_HOST)";
				GENERATE_INFOPLIST_FILE = YES;
				LD_RUNPATH_SEARCH_PATHS = (
					"$(inherited)",
					"@executable_path/Frameworks",
					"@loader_path/Frameworks",
				);
				PRODUCT_BUNDLE_IDENTIFIER = com.pinkpurplered.CustomSoundBankTests;
				SDKROOT = iphoneos;
				TARGETED_DEVICE_FAMILY = "1,2";
				TEST_HOST = "$(BUILT_PRODUCTS_DIR)/CustomSoundBank.app/$(BUNDLE_EXECUTABLE_FOLDER_PATH)/CustomSoundBank";
			};
			name = Release;
		};
		5D927966E92BA1474AA638C8 /* Release */ = {
			isa = XCBuildConfiguration;
			buildSettings = {
				ALWAYS_SEARCH_USER_PATHS = NO;
				CLANG_ANALYZER_NONNULL = YES;
				CLANG_ANALYZER_NUMBER_OBJECT_CONVERSION = YES_AGGRESSIVE;
				CLANG_CXX_LANGUAGE_STANDARD = "gnu++14";
				CLANG_CXX_LIBRARY = "libc++";
				CLANG_ENABLE_MODULES = YES;
				CLANG_ENABLE_OBJC_ARC = YES;
				CLANG_ENABLE_OBJC_WEAK = YES;
				CLANG_WARN_BLOCK_CAPTURE_AUTORELEASING = YES;
				CLANG_WARN_BOOL_CONVERSION = YES;
				CLANG_WARN_COMMA = YES;
				CLANG_WARN_CONSTANT_CONVERSION = YES;
				CLANG_WARN_DEPRECATED_OBJC_IMPLEMENTATIONS = YES;
				CLANG_WARN_DIRECT_OBJC_ISA_USAGE = YES_ERROR;
				CLANG_WARN_DOCUMENTATION_COMMENTS = YES;
				CLANG_WARN_EMPTY_BODY = YES;
				CLANG_WARN_ENUM_CONVERSION = YES;
				CLANG_WARN_INFINITE_RECURSION = YES;
				CLANG_WARN_INT_CONVERSION = YES;
				CLANG_WARN_NON_LITERAL_NULL_CONVERSION = YES;
				CLANG_WARN_OBJC_IMPLICIT_RETAIN_SELF = YES;
				CLANG_WARN_OBJC_LITERAL_CONVERSION = YES;
				CLANG_WARN_OBJC_ROOT_CLASS = YES_ERROR;
				CLANG_WARN_QUOTED_INCLUDE_IN_FRAMEWORK_HEADER = YES;
				CLANG_WARN_RANGE_LOOP_ANALYSIS = YES;
				CLANG_WARN_STRICT_PROTOTYPES = YES;
				CLANG_WARN_SUSPICIOUS_MOVE = YES;
				CLANG_WARN_UNGUARDED_AVAILABILITY = YES_AGGRESSIVE;
				CLANG_WARN_UNREACHABLE_CODE = YES;
				CLANG_WARN__DUPLICATE_METHOD_MATCH = YES;
				CODE_SIGN_STYLE = Automatic;
				COPY_PHASE_STRIP = NO;
				DEBUG_INFORMATION_FORMAT = "dwarf-with-dsym";
				DEVELOPMENT_TEAM = 75R8BQ422C;
				ENABLE_NS_ASSERTIONS = NO;
				ENABLE_STRICT_OBJC_MSGSEND = YES;
				GCC_C_LANGUAGE_STANDARD = gnu11;
				GCC_NO_COMMON_BLOCKS = YES;
				GCC_WARN_64_TO_32_BIT_CONVERSION = YES;
				GCC_WARN_ABOUT_RETURN_TYPE = YES_ERROR;
				GCC_WARN_UNDECLARED_SELECTOR = YES;
				GCC_WARN_UNINITIALIZED_AUTOS = YES_AGGRESSIVE;
				GCC_WARN_UNUSED_FUNCTION = YES;
				GCC_WARN_UNUSED_VARIABLE = YES;
				IPHONEOS_DEPLOYMENT_TARGET = 17.0;
				MTL_ENABLE_DEBUG_INFO = NO;
				MTL_FAST_MATH = YES;
				PRODUCT_NAME = "$(TARGET_NAME)";
				SDKROOT = iphoneos;
				SWIFT_COMPILATION_MODE = wholemodule;
				SWIFT_OPTIMIZATION_LEVEL = "-O";
				SWIFT_VERSION = 5.0;
				TARGETED_DEVICE_FAMILY = 1;
			};
			name = Release;
		};
		6FC854C698FC7112637F051F /* Release */ = {
			isa = XCBuildConfiguration;
			buildSettings = {
				ASSETCATALOG_COMPILER_APPICON_NAME = AppIcon;
				CODE_SIGN_IDENTITY = "iPhone Developer";
				GENERATE_INFOPLIST_FILE = NO;
				INFOPLIST_FILE = CustomSoundBank/Info.plist;
				LD_RUNPATH_SEARCH_PATHS = (
					"$(inherited)",
					"@executable_path/Frameworks",
				);
				PRODUCT_BUNDLE_IDENTIFIER = com.pinkpurplered.CustomSoundBank;
				SDKROOT = iphoneos;
				TARGETED_DEVICE_FAMILY = "1,2";
			};
			name = Release;
		};
		716A44A2AC5DDD96EFC2B7E4 /* Debug */ = {
			isa = XCBuildConfiguration;
			buildSettings = {
				ALWAYS_SEARCH_USER_PATHS = NO;
				CLANG_ANALYZER_NONNULL = YES;
				CLANG_ANALYZER_NUMBER_OBJECT_CONVERSION = YES_AGGRESSIVE;
				CLANG_CXX_LANGUAGE_STANDARD = "gnu++14";
				CLANG_CXX_LIBRARY = "libc++";
				CLANG_ENABLE_MODULES = YES;
				CLANG_ENABLE_OBJC_ARC = YES;
				CLANG_ENABLE_OBJC_WEAK = YES;
				CLANG_WARN_BLOCK_CAPTURE_AUTORELEASING = YES;
				CLANG_WARN_BOOL_CONVERSION = YES;
				CLANG_WARN_COMMA = YES;
				CLANG_WARN_CONSTANT_CONVERSION = YES;
				CLANG_WARN_DEPRECATED_OBJC_IMPLEMENTATIONS = YES;
				CLANG_WARN_DIRECT_OBJC_ISA_USAGE = YES_ERROR;
				CLANG_WARN_DOCUMENTATION_COMMENTS = YES;
				CLANG_WARN_EMPTY_BODY = YES;
				CLANG_WARN_ENUM_CONVERSION = YES;
				CLANG_WARN_INFINITE_RECURSION = YES;
				CLANG_WARN_INT_CONVERSION = YES;
				CLANG_WARN_NON_LITERAL_NULL_CONVERSION = YES;
				CLANG_WARN_OBJC_IMPLICIT_RETAIN_SELF = YES;
				CLANG_WARN_OBJC_LITERAL_CONVERSION = YES;
				CLANG_WARN_OBJC_ROOT_CLASS = YES_ERROR;
				CLANG_WARN_QUOTED_INCLUDE_IN_FRAMEWORK_HEADER = YES;
				CLANG_WARN_RANGE_LOOP_ANALYSIS = YES;
				CLANG_WARN_STRICT_PROTOTYPES = YES;
				CLANG_WARN_SUSPICIOUS_MOVE = YES;
				CLANG_WARN_UNGUARDED_AVAILABILITY = YES_AGGRESSIVE;
				CLANG_WARN_UNREACHABLE_CODE = YES;
				CLANG_WARN__DUPLICATE_METHOD_MATCH = YES;
				CODE_SIGN_STYLE = Automatic;
				COPY_PHASE_STRIP = NO;
				DEBUG_INFORMATION_FORMAT = dwarf;
				DEVELOPMENT_TEAM = 75R8BQ422C;
				ENABLE_STRICT_OBJC_MSGSEND = YES;
				ENABLE_TESTABILITY = YES;
				GCC_C_LANGUAGE_STANDARD = gnu11;
				GCC_DYNAMIC_NO_PIC = NO;
				GCC_NO_COMMON_BLOCKS = YES;
				GCC_OPTIMIZATION_LEVEL = 0;
				GCC_PREPROCESSOR_DEFINITIONS = (
					"$(inherited)",
					"DEBUG=1",
				);
				GCC_WARN_64_TO_32_BIT_CONVERSION = YES;
				GCC_WARN_ABOUT_RETURN_TYPE = YES_ERROR;
				GCC_WARN_UNDECLARED_SELECTOR = YES;
				GCC_WARN_UNINITIALIZED_AUTOS = YES_AGGRESSIVE;
				GCC_WARN_UNUSED_FUNCTION = YES;
				GCC_WARN_UNUSED_VARIABLE = YES;
				IPHONEOS_DEPLOYMENT_TARGET = 17.0;
				MTL_ENABLE_DEBUG_INFO = INCLUDE_SOURCE;
				MTL_FAST_MATH = YES;
				ONLY_ACTIVE_ARCH = YES;
				PRODUCT_NAME = "$(TARGET_NAME)";
				SDKROOT = iphoneos;
				SWIFT_ACTIVE_COMPILATION_CONDITIONS = DEBUG;
				SWIFT_OPTIMIZATION_LEVEL = "-Onone";
				SWIFT_VERSION = 5.0;
				TARGETED_DEVICE_FAMILY = 1;
			};
			name = Debug;
		};
		B80D7404A8EF4A01D778A1CB /* Debug */ = {
			isa = XCBuildConfiguration;
			buildSettings = {
				BUNDLE_LOADER = "$(TEST_HOST)";
				GENERATE_INFOPLIST_FILE = YES;
				LD_RUNPATH_SEARCH_PATHS = (
					"$(inherited)",
					"@executable_path/Frameworks",
					"@loader_path/Frameworks",
				);
				PRODUCT_BUNDLE_IDENTIFIER = com.pinkpurplered.CustomSoundBankTests;
				SDKROOT = iphoneos;
				TARGETED_DEVICE_FAMILY = "1,2";
				TEST_HOST = "$(BUILT_PRODUCTS_DIR)/CustomSoundBank.app/$(BUNDLE_EXECUTABLE_FOLDER_PATH)/CustomSoundBank";
			};
			name = Debug;
		};
		E280E5667C1C08363FBF2468 /* Debug */ = {
			isa = XCBuildConfiguration;
			buildSettings = {
				ASSETCATALOG_COMPILER_APPICON_NAME = AppIcon;
				CODE_SIGN_IDENTITY = "iPhone Developer";
				GENERATE_INFOPLIST_FILE = NO;
				INFOPLIST_FILE = CustomSoundBank/Info.plist;
				LD_RUNPATH_SEARCH_PATHS = (
					"$(inherited)",
					"@executable_path/Frameworks",
				);
				PRODUCT_BUNDLE_IDENTIFIER = com.pinkpurplered.CustomSoundBank;
				SDKROOT = iphoneos;
				TARGETED_DEVICE_FAMILY = "1,2";
			};
			name = Debug;
		};
/* End XCBuildConfiguration section */

/* Begin XCConfigurationList section */
		02CCB14505EB1BFD93A2588A /* Build configuration list for PBXNativeTarget "CustomSoundBank" */ = {
			isa = XCConfigurationList;
			buildConfigurations = (
				E280E5667C1C08363FBF2468 /* Debug */,
				6FC854C698FC7112637F051F /* Release */,
			);
			defaultConfigurationIsVisible = 0;
			defaultConfigurationName = Debug;
		};
		801BEA1943E04085FA1FB644 /* Build configuration list for PBXProject "CustomSoundBank" */ = {
			isa = XCConfigurationList;
			buildConfigurations = (
				716A44A2AC5DDD96EFC2B7E4 /* Debug */,
				5D927966E92BA1474AA638C8 /* Release */,
			);
			defaultConfigurationIsVisible = 0;
			defaultConfigurationName = Debug;
		};
		950242BC96B0EEEF341D20AC /* Build configuration list for PBXNativeTarget "CustomSoundBankTests" */ = {
			isa = XCConfigurationList;
			buildConfigurations = (
				B80D7404A8EF4A01D778A1CB /* Debug */,
				2991A036B6C53E0F190B3090 /* Release */,
			);
			defaultConfigurationIsVisible = 0;
			defaultConfigurationName = Debug;
		};
/* End XCConfigurationList section */
	};
	rootObject = 1E34EEAFBF3219B2DB0CD0C7 /* Project object */;
}
